
Microsoft Visual Studio Solution File, Format Version 12.00
# Visual Studio Version 16
VisualStudioVersion = 16.0.29613.14
MinimumVisualStudioVersion = 10.0.40219.1
Project("{FAE04EC0-301F-11D3-BF4B-00C04F79EFBC}") = "Str_11", "Str_11\Str_11.csproj", "{DA37FF03-EF11-49B6-B6F2-A78274E33EBF}"
EndProject
Global
	GlobalSection(SolutionConfigurationPlatforms) = preSolution
		Debug|Any CPU = Debug|Any CPU
		Release|Any CPU = Release|Any CPU
	EndGlobalSection
	GlobalSection(ProjectConfigurationPlatforms) = postSolution
		{DA37FF03-EF11-49B6-B6F2-A78274E33EBF}.Debug|Any CPU.ActiveCfg = Debug|Any CPU
		{DA37FF03-EF11-49B6-B6F2-A78274E33EBF}.Debug|Any CPU.Build.0 = Debug|Any CPU
		{DA37FF03-EF11-49B6-B6F2-A78274E33EBF}.Release|Any CPU.ActiveCfg = Release|Any CPU
		{DA37FF03-EF11-49B6-B6F2-A78274E33EBF}.Release|Any CPU.Build.0 = Release|Any CPU
	EndGlobalSection
	GlobalSection(SolutionProperties) = preSolution
		HideSolutionNode = FALSE
	EndGlobalSection
	GlobalSection(ExtensibilityGlobals) = postSolution
		SolutionGuid = {4450BF14-4F6E-4B9D-BDDB-0BD917DB8934}
	EndGlobalSection
EndGlobal
